
Microsoft Visual Studio Solution File, Format Version 12.00
# Visual Studio Version 17
VisualStudioVersion = 17.0.32112.339
MinimumVisualStudioVersion = 10.0.40219.1
Project("{FAE04EC0-301F-11D3-BF4B-00C04F79EFBC}") = "hw5", "hw5\hw5.csproj", "{DA35D785-CA75-4ADA-9631-4421BF2362C6}"
EndProject
Project("{FAE04EC0-301F-11D3-BF4B-00C04F79EFBC}") = "task2", "task2\task2.csproj", "{089956E3-C0FE-453B-B022-9BCDAFD69372}"
EndProject
Project("{FAE04EC0-301F-11D3-BF4B-00C04F79EFBC}") = "task3", "task3\task3.csproj", "{5C18D9A0-5FF5-4892-90E2-17162000010D}"
EndProject
Project("{FAE04EC0-301F-11D3-BF4B-00C04F79EFBC}") = "task4", "task4\task4.csproj", "{B4F48E30-40C8-4AEF-BDE3-B0D431AA904D}"
EndProject
Project("{FAE04EC0-301F-11D3-BF4B-00C04F79EFBC}") = "task1", "task1\task1.csproj", "{DA4E299F-6E6F-49B6-AFFD-CF09EA6EAB96}"
EndProject
Global
	GlobalSection(SolutionConfigurationPlatforms) = preSolution
		Debug|Any CPU = Debug|Any CPU
		Release|Any CPU = Release|Any CPU
	EndGlobalSection
	GlobalSection(ProjectConfigurationPlatforms) = postSolution
		{DA35D785-CA75-4ADA-9631-4421BF2362C6}.Debug|Any CPU.ActiveCfg = Debug|Any CPU
		{DA35D785-CA75-4ADA-9631-4421BF2362C6}.Debug|Any CPU.Build.0 = Debug|Any CPU
		{DA35D785-CA75-4ADA-9631-4421BF2362C6}.Release|Any CPU.ActiveCfg = Release|Any CPU
		{DA35D785-CA75-4ADA-9631-4421BF2362C6}.Release|Any CPU.Build.0 = Release|Any CPU
		{089956E3-C0FE-453B-B022-9BCDAFD69372}.Debug|Any CPU.ActiveCfg = Debug|Any CPU
		{089956E3-C0FE-453B-B022-9BCDAFD69372}.Debug|Any CPU.Build.0 = Debug|Any CPU
		{089956E3-C0FE-453B-B022-9BCDAFD69372}.Release|Any CPU.ActiveCfg = Release|Any CPU
		{089956E3-C0FE-453B-B022-9BCDAFD69372}.Release|Any CPU.Build.0 = Release|Any CPU
		{5C18D9A0-5FF5-4892-90E2-17162000010D}.Debug|Any CPU.ActiveCfg = Debug|Any CPU
		{5C18D9A0-5FF5-4892-90E2-17162000010D}.Debug|Any CPU.Build.0 = Debug|Any CPU
		{5C18D9A0-5FF5-4892-90E2-17162000010D}.Release|Any CPU.ActiveCfg = Release|Any CPU
		{5C18D9A0-5FF5-4892-90E2-17162000010D}.Release|Any CPU.Build.0 = Release|Any CPU
		{B4F48E30-40C8-4AEF-BDE3-B0D431AA904D}.Debug|Any CPU.ActiveCfg = Debug|Any CPU
		{B4F48E30-40C8-4AEF-BDE3-B0D431AA904D}.Debug|Any CPU.Build.0 = Debug|Any CPU
		{B4F48E30-40C8-4AEF-BDE3-B0D431AA904D}.Release|Any CPU.ActiveCfg = Release|Any CPU
		{B4F48E30-40C8-4AEF-BDE3-B0D431AA904D}.Release|Any CPU.Build.0 = Release|Any CPU
		{DA4E299F-6E6F-49B6-AFFD-CF09EA6EAB96}.Debug|Any CPU.ActiveCfg = Debug|Any CPU
		{DA4E299F-6E6F-49B6-AFFD-CF09EA6EAB96}.Debug|Any CPU.Build.0 = Debug|Any CPU
		{DA4E299F-6E6F-49B6-AFFD-CF09EA6EAB96}.Release|Any CPU.ActiveCfg = Release|Any CPU
		{DA4E299F-6E6F-49B6-AFFD-CF09EA6EAB96}.Release|Any CPU.Build.0 = Release|Any CPU
	EndGlobalSection
	GlobalSection(SolutionProperties) = preSolution
		HideSolutionNode = FALSE
	EndGlobalSection
	GlobalSection(ExtensibilityGlobals) = postSolution
		SolutionGuid = {0664B113-F2CE-47D1-B07B-DFA6D935FDD9}
	EndGlobalSection
EndGlobal
